PODS:
  - FSCalendar (2.8.0)
  - TextFieldEffects (1.5.1)

DEPENDENCIES:
  - FSCalendar
  - TextFieldEffects

SPEC REPOS:
  https://github.com/cocoapods/specs.git:
    - FSCalendar
    - TextFieldEffects

SPEC CHECKSUMS:
  FSCalendar: 3a5ed3636e2ba1b83ebebfcf0c2603105a6f5efe
  TextFieldEffects: 7d372f58aeaf9acd9626bbf962680aef926b085d

PODFILE CHECKSUM: c6fc4b8f76a66017c35308370c73de88183b99b6

COCOAPODS: 1.5.3
