// !$*UTF8*$!
{
	archiveVersion = 1;
	classes = {
	};
	objectVersion = 50;
	objects = {

/* Begin PBXBuildFile section */
		5A7DB422632C4968E23510E5 /* Pods_CocoaSample.framework in Frameworks */ = {isa = PBXBuildFile; fileRef = 6F8AA66A2C1A8254C4F5EA74 /* Pods_CocoaSample.framework */; };
		D31441782177ADEC003A7A6B /* AppDelegate.swift in Sources */ = {isa = PBXBuildFile; fileRef = D31441772177ADEC003A7A6B /* AppDelegate.swift */; };
		D314417A2177ADEC003A7A6B /* ViewController.swift in Sources */ = {isa = PBXBuildFile; fileRef = D31441792177ADEC003A7A6B /* ViewController.swift */; };
		D314417D2177ADEC003A7A6B /* Main.storyboard in Resources */ = {isa = PBXBuildFile; fileRef = D314417B2177ADEC003A7A6B /* Main.storyboard */; };
		D314417F2177ADEC003A7A6B /* Assets.xcassets in Resources */ = {isa = PBXBuildFile; fileRef = D314417E2177ADEC003A7A6B /* Assets.xcassets */; };
		D31441822177ADEC003A7A6B /* LaunchScreen.storyboard in Resources */ = {isa = PBXBuildFile; fileRef = D31441802177ADEC003A7A6B /* LaunchScreen.storyboard */; };
		D314418D2177ADEC003A7A6B /* CocoaSampleTests.swift in Sources */ = {isa = PBXBuildFile; fileRef = D314418C2177ADEC003A7A6B /* CocoaSampleTests.swift */; };
		D31441982177ADED003A7A6B /* CocoaSampleUITests.swift in Sources */ = {isa = PBXBuildFile; fileRef = D31441972177ADED003A7A6B /* CocoaSampleUITests.swift */; };
/* End PBXBuildFile section */

/* Begin PBXContainerItemProxy section */
		D31441892177ADEC003A7A6B /* PBXContainerItemProxy */ = {
			isa = PBXContainerItemProxy;
			containerPortal = D314416C2177ADEB003A7A6B /* Project object */;
			proxyType = 1;
			remoteGlobalIDString = D31441732177ADEB003A7A6B;
			remoteInfo = CocoaSample;
		};
		D31441942177ADED003A7A6B /* PBXContainerItemProxy */ = {
			isa = PBXContainerItemProxy;
			containerPortal = D314416C2177ADEB003A7A6B /* Project object */;
			proxyType = 1;
			remoteGlobalIDString = D31441732177ADEB003A7A6B;
			remoteInfo = CocoaSample;
		};
/* End PBXContainerItemProxy section */

/* Begin PBXFileReference section */
		15143CBED932FE6EB7527B79 /* Pods-CocoaSample.debug.xcconfig */ = {isa = PBXFileReference; includeInIndex = 1; lastKnownFileType = text.xcconfig; name = "Pods-CocoaSample.debug.xcconfig"; path = "Pods/Target Support Files/Pods-CocoaSample/Pods-CocoaSample.debug.xcconfig"; sourceTree = "<group>"; };
		1F0190428A371644F98A626A /* Pods_CocoaSampleTests.framework */ = {isa = PBXFileReference; explicitFileType = wrapper.framework; includeInIndex = 0; path = Pods_CocoaSampleTests.framework; sourceTree = BUILT_PRODUCTS_DIR; };
		6DC578AD7446C2F98DAE6844 /* Pods-CocoaSample.release.xcconfig */ = {isa = PBXFileReference; includeInIndex = 1; lastKnownFileType = text.xcconfig; name = "Pods-CocoaSample.release.xcconfig"; path = "Pods/Target Support Files/Pods-CocoaSample/Pods-CocoaSample.release.xcconfig"; sourceTree = "<group>"; };
		6F8AA66A2C1A8254C4F5EA74 /* Pods_CocoaSample.framework */ = {isa = PBXFileReference; explicitFileType = wrapper.framework; includeInIndex = 0; path = Pods_CocoaSample.framework; sourceTree = BUILT_PRODUCTS_DIR; };
		884F965D6F6099C9A62D1BE7 /* Pods_CocoaSampleUITests.framework */ = {isa = PBXFileReference; explicitFileType = wrapper.framework; includeInIndex = 0; path = Pods_CocoaSampleUITests.framework; sourceTree = BUILT_PRODUCTS_DIR; };
		D31441742177ADEC003A7A6B /* CocoaSample.app */ = {isa = PBXFileReference; explicitFileType = wrapper.application; includeInIndex = 0; path = CocoaSample.app; sourceTree = BUILT_PRODUCTS_DIR; };
		D31441772177ADEC003A7A6B /* AppDelegate.swift */ = {isa = PBXFileReference; lastKnownFileType = sourcecode.swift; path = AppDelegate.swift; sourceTree = "<group>"; };
		D31441792177ADEC003A7A6B /* ViewController.swift */ = {isa = PBXFileReference; lastKnownFileType = sourcecode.swift; path = ViewController.swift; sourceTree = "<group>"; };
		D314417C2177ADEC003A7A6B /* Base */ = {isa = PBXFileReference; lastKnownFileType = file.storyboard; name = Base; path = Base.lproj/Main.storyboard; sourceTree = "<group>"; };
		D314417E2177ADEC003A7A6B /* Assets.xcassets */ = {isa = PBXFileReference; lastKnownFileType = folder.assetcatalog; path = Assets.xcassets; sourceTree = "<group>"; };
		D31441812177ADEC003A7A6B /* Base */ = {isa = PBXFileReference; lastKnownFileType = file.storyboard; name = Base; path = Base.lproj/LaunchScreen.storyboard; sourceTree = "<group>"; };
		D31441832177ADEC003A7A6B /* Info.plist */ = {isa = PBXFileReference; lastKnownFileType = text.plist.xml; path = Info.plist; sourceTree = "<group>"; };
		D31441882177ADEC003A7A6B /* CocoaSampleTests.xctest */ = {isa = PBXFileReference; explicitFileType = wrapper.cfbundle; includeInIndex = 0; path = CocoaSampleTests.xctest; sourceTree = BUILT_PRODUCTS_DIR; };
		D314418C2177ADEC003A7A6B /* CocoaSampleTests.swift */ = {isa = PBXFileReference; lastKnownFileType = sourcecode.swift; path = CocoaSampleTests.swift; sourceTree = "<group>"; };
		D314418E2177ADEC003A7A6B /* Info.plist */ = {isa = PBXFileReference; lastKnownFileType = text.plist.xml; path = Info.plist; sourceTree = "<group>"; };
		D31441932177ADED003A7A6B /* CocoaSampleUITests.xctest */ = {isa = PBXFileReference; explicitFileType = wrapper.cfbundle; includeInIndex = 0; path = CocoaSampleUITests.xctest; sourceTree = BUILT_PRODUCTS_DIR; };
		D31441972177ADED003A7A6B /* CocoaSampleUITests.swift */ = {isa = PBXFileReference; lastKnownFileType = sourcecode.swift; path = CocoaSampleUITests.swift; sourceTree = "<group>"; };
		D31441992177ADED003A7A6B /* Info.plist */ = {isa = PBXFileReference; lastKnownFileType = text.plist.xml; path = Info.plist; sourceTree = "<group>"; };
/* End PBXFileReference section */

/* Begin PBXFrameworksBuildPhase section */
		D31441712177ADEB003A7A6B /* Frameworks */ = {
			isa = PBXFrameworksBuildPhase;
			buildActionMask = 2147483647;
			files = (
				5A7DB422632C4968E23510E5 /* Pods_CocoaSample.framework in Frameworks */,
			);
			runOnlyForDeploymentPostprocessing = 0;
		};
		D31441852177ADEC003A7A6B /* Frameworks */ = {
			isa = PBXFrameworksBuildPhase;
			buildActionMask = 2147483647;
			files = (
			);
			runOnlyForDeploymentPostprocessing = 0;
		};
		D31441902177ADED003A7A6B /* Frameworks */ = {
			isa = PBXFrameworksBuildPhase;
			buildActionMask = 2147483647;
			files = (
			);
			runOnlyForDeploymentPostprocessing = 0;
		};
/* End PBXFrameworksBuildPhase section */

/* Begin PBXGroup section */
		20DF7C8DFAB6DFB684696F60 /* Pods */ = {
			isa = PBXGroup;
			children = (
				15143CBED932FE6EB7527B79 /* Pods-CocoaSample.debug.xcconfig */,
				6DC578AD7446C2F98DAE6844 /* Pods-CocoaSample.release.xcconfig */,
			);
			name = Pods;
			sourceTree = "<group>";
		};
		976478389D88FE9444A481E4 /* Frameworks */ = {
			isa = PBXGroup;
			children = (
				6F8AA66A2C1A8254C4F5EA74 /* Pods_CocoaSample.framework */,
				1F0190428A371644F98A626A /* Pods_CocoaSampleTests.framework */,
				884F965D6F6099C9A62D1BE7 /* Pods_CocoaSampleUITests.framework */,
			);
			name = Frameworks;
			sourceTree = "<group>";
		};
		D314416B2177ADEB003A7A6B = {
			isa = PBXGroup;
			children = (
				D31441762177ADEC003A7A6B /* CocoaSample */,
				D314418B2177ADEC003A7A6B /* CocoaSampleTests */,
				D31441962177ADED003A7A6B /* CocoaSampleUITests */,
				D31441752177ADEC003A7A6B /* Products */,
				20DF7C8DFAB6DFB684696F60 /* Pods */,
				976478389D88FE9444A481E4 /* Frameworks */,
			);
			sourceTree = "<group>";
		};
		D31441752177ADEC003A7A6B /* Products */ = {
			isa = PBXGroup;
			children = (
				D31441742177ADEC003A7A6B /* CocoaSample.app */,
				D31441882177ADEC003A7A6B /* CocoaSampleTests.xctest */,
				D31441932177ADED003A7A6B /* CocoaSampleUITests.xctest */,
			);
			name = Products;
			sourceTree = "<group>";
		};
		D31441762177ADEC003A7A6B /* CocoaSample */ = {
			isa = PBXGroup;
			children = (
				D31441772177ADEC003A7A6B /* AppDelegate.swift */,
				D31441792177ADEC003A7A6B /* ViewController.swift */,
				D314417B2177ADEC003A7A6B /* Main.storyboard */,
				D314417E2177ADEC003A7A6B /* Assets.xcassets */,
				D31441802177ADEC003A7A6B /* LaunchScreen.storyboard */,
				D31441832177ADEC003A7A6B /* Info.plist */,
			);
			path = CocoaSample;
			sourceTree = "<group>";
		};
		D314418B2177ADEC003A7A6B /* CocoaSampleTests */ = {
			isa = PBXGroup;
			children = (
				D314418C2177ADEC003A7A6B /* CocoaSampleTests.swift */,
				D314418E2177ADEC003A7A6B /* Info.plist */,
			);
			path = CocoaSampleTests;
			sourceTree = "<group>";
		};
		D31441962177ADED003A7A6B /* CocoaSampleUITests */ = {
			isa = PBXGroup;
			children = (
				D31441972177ADED003A7A6B /* CocoaSampleUITests.swift */,
				D31441992177ADED003A7A6B /* Info.plist */,
			);
			path = CocoaSampleUITests;
			sourceTree = "<group>";
		};
/* End PBXGroup section */

/* Begin PBXNativeTarget section */
		D31441732177ADEB003A7A6B /* CocoaSample */ = {
			isa = PBXNativeTarget;
			buildConfigurationList = D314419C2177ADED003A7A6B /* Build configuration list for PBXNativeTarget "CocoaSample" */;
			buildPhases = (
				427A868027960EC958E4F2C4 /* [CP] Check Pods Manifest.lock */,
				D31441702177ADEB003A7A6B /* Sources */,
				D31441712177ADEB003A7A6B /* Frameworks */,
				D31441722177ADEB003A7A6B /* Resources */,
				10B876BC8AD9028BE3EB95E8 /* [CP] Embed Pods Frameworks */,
			);
			buildRules = (
			);
			dependencies = (
			);
			name = CocoaSample;
			productName = CocoaSample;
			productReference = D31441742177ADEC003A7A6B /* CocoaSample.app */;
			productType = "com.apple.product-type.application";
		};
		D31441872177ADEC003A7A6B /* CocoaSampleTests */ = {
			isa = PBXNativeTarget;
			buildConfigurationList = D314419F2177ADED003A7A6B /* Build configuration list for PBXNativeTarget "CocoaSampleTests" */;
			buildPhases = (
				D31441842177ADEC003A7A6B /* Sources */,
				D31441852177ADEC003A7A6B /* Frameworks */,
				D31441862177ADEC003A7A6B /* Resources */,
			);
			buildRules = (
			);
			dependencies = (
				D314418A2177ADEC003A7A6B /* PBXTargetDependency */,
			);
			name = CocoaSampleTests;
			productName = CocoaSampleTests;
			productReference = D31441882177ADEC003A7A6B /* CocoaSampleTests.xctest */;
			productType = "com.apple.product-type.bundle.unit-test";
		};
		D31441922177ADED003A7A6B /* CocoaSampleUITests */ = {
			isa = PBXNativeTarget;
			buildConfigurationList = D31441A22177ADED003A7A6B /* Build configuration list for PBXNativeTarget "CocoaSampleUITests" */;
			buildPhases = (
				D314418F2177ADED003A7A6B /* Sources */,
				D31441902177ADED003A7A6B /* Frameworks */,
				D31441912177ADED003A7A6B /* Resources */,
			);
			buildRules = (
			);
			dependencies = (
				D31441952177ADED003A7A6B /* PBXTargetDependency */,
			);
			name = CocoaSampleUITests;
			productName = CocoaSampleUITests;
			productReference = D31441932177ADED003A7A6B /* CocoaSampleUITests.xctest */;
			productType = "com.apple.product-type.bundle.ui-testing";
		};
/* End PBXNativeTarget section */

/* Begin PBXProject section */
		D314416C2177ADEB003A7A6B /* Project object */ = {
			isa = PBXProject;
			attributes = {
				LastSwiftUpdateCheck = 1010;
				LastUpgradeCheck = 1010;
				ORGANIZATIONNAME = "Daniel Berlin";
				TargetAttributes = {
					D31441732177ADEB003A7A6B = {
						CreatedOnToolsVersion = 10.1;
					};
					D31441872177ADEC003A7A6B = {
						CreatedOnToolsVersion = 10.1;
						TestTargetID = D31441732177ADEB003A7A6B;
					};
					D31441922177ADED003A7A6B = {
						CreatedOnToolsVersion = 10.1;
						TestTargetID = D31441732177ADEB003A7A6B;
					};
				};
			};
			buildConfigurationList = D314416F2177ADEB003A7A6B /* Build configuration list for PBXProject "CocoaSample" */;
			compatibilityVersion = "Xcode 9.3";
			developmentRegion = en;
			hasScannedForEncodings = 0;
			knownRegions = (
				en,
				Base,
			);
			mainGroup = D314416B2177ADEB003A7A6B;
			productRefGroup = D31441752177ADEC003A7A6B /* Products */;
			projectDirPath = "";
			projectRoot = "";
			targets = (
				D31441732177ADEB003A7A6B /* CocoaSample */,
				D31441872177ADEC003A7A6B /* CocoaSampleTests */,
				D31441922177ADED003A7A6B /* CocoaSampleUITests */,
			);
		};
/* End PBXProject section */

/* Begin PBXResourcesBuildPhase section */
		D31441722177ADEB003A7A6B /* Resources */ = {
			isa = PBXResourcesBuildPhase;
			buildActionMask = 2147483647;
			files = (
				D31441822177ADEC003A7A6B /* LaunchScreen.storyboard in Resources */,
				D314417F2177ADEC003A7A6B /* Assets.xcassets in Resources */,
				D314417D2177ADEC003A7A6B /* Main.storyboard in Resources */,
			);
			runOnlyForDeploymentPostprocessing = 0;
		};
		D31441862177ADEC003A7A6B /* Resources */ = {
			isa = PBXResourcesBuildPhase;
			buildActionMask = 2147483647;
			files = (
			);
			runOnlyForDeploymentPostprocessing = 0;
		};
		D31441912177ADED003A7A6B /* Resources */ = {
			isa = PBXResourcesBuildPhase;
			buildActionMask = 2147483647;
			files = (
			);
			runOnlyForDeploymentPostprocessing = 0;
		};
/* End PBXResourcesBuildPhase section */

/* Begin PBXShellScriptBuildPhase section */
		10B876BC8AD9028BE3EB95E8 /* [CP] Embed Pods Frameworks */ = {
			isa = PBXShellScriptBuildPhase;
			buildActionMask = 2147483647;
			files = (
			);
			inputFileListPaths = (
			);
			inputPaths = (
				"${SRCROOT}/Pods/Target Support Files/Pods-CocoaSample/Pods-CocoaSample-frameworks.sh",
				"${BUILT_PRODUCTS_DIR}/FSCalendar/FSCalendar.framework",
				"${BUILT_PRODUCTS_DIR}/TextFieldEffects/TextFieldEffects.framework",
			);
			name = "[CP] Embed Pods Frameworks";
			outputFileListPaths = (
			);
			outputPaths = (
				"${TARGET_BUILD_DIR}/${FRAMEWORKS_FOLDER_PATH}/FSCalendar.framework",
				"${TARGET_BUILD_DIR}/${FRAMEWORKS_FOLDER_PATH}/TextFieldEffects.framework",
			);
			runOnlyForDeploymentPostprocessing = 0;
			shellPath = /bin/sh;
			shellScript = "\"${SRCROOT}/Pods/Target Support Files/Pods-CocoaSample/Pods-CocoaSample-frameworks.sh\"\n";
			showEnvVarsInLog = 0;
		};
		427A868027960EC958E4F2C4 /* [CP] Check Pods Manifest.lock */ = {
			isa = PBXShellScriptBuildPhase;
			buildActionMask = 2147483647;
			files = (
			);
			inputFileListPaths = (
			);
			inputPaths = (
				"${PODS_PODFILE_DIR_PATH}/Podfile.lock",
				"${PODS_ROOT}/Manifest.lock",
			);
			name = "[CP] Check Pods Manifest.lock";
			outputFileListPaths = (
			);
			outputPaths = (
				"$(DERIVED_FILE_DIR)/Pods-CocoaSample-checkManifestLockResult.txt",
			);
			runOnlyForDeploymentPostprocessing = 0;
			shellPath = /bin/sh;
			shellScript = "diff \"${PODS_PODFILE_DIR_PATH}/Podfile.lock\" \"${PODS_ROOT}/Manifest.lock\" > /dev/null\nif [ $? != 0 ] ; then\n    # print error to STDERR\n    echo \"error: The sandbox is not in sync with the Podfile.lock. Run 'pod install' or update your CocoaPods installation.\" >&2\n    exit 1\nfi\n# This output is used by Xcode 'outputs' to avoid re-running this script phase.\necho \"SUCCESS\" > \"${SCRIPT_OUTPUT_FILE_0}\"\n";
			showEnvVarsInLog = 0;
		};
/* End PBXShellScriptBuildPhase section */

/* Begin PBXSourcesBuildPhase section */
		D31441702177ADEB003A7A6B /* Sources */ = {
			isa = PBXSourcesBuildPhase;
			buildActionMask = 2147483647;
			files = (
				D314417A2177ADEC003A7A6B /* ViewController.swift in Sources */,
				D31441782177ADEC003A7A6B /* AppDelegate.swift in Sources */,
			);
			runOnlyForDeploymentPostprocessing = 0;
		};
		D31441842177ADEC003A7A6B /* Sources */ = {
			isa = PBXSourcesBuildPhase;
			buildActionMask = 2147483647;
			files = (
				D314418D2177ADEC003A7A6B /* CocoaSampleTests.swift in Sources */,
			);
			runOnlyForDeploymentPostprocessing = 0;
		};
		D314418F2177ADED003A7A6B /* Sources */ = {
			isa = PBXSourcesBuildPhase;
			buildActionMask = 2147483647;
			files = (
				D31441982177ADED003A7A6B /* CocoaSampleUITests.swift in Sources */,
			);
			runOnlyForDeploymentPostprocessing = 0;
		};
/* End PBXSourcesBuildPhase section */

/* Begin PBXTargetDependency section */
		D314418A2177ADEC003A7A6B /* PBXTargetDependency */ = {
			isa = PBXTargetDependency;
			target = D31441732177ADEB003A7A6B /* CocoaSample */;
			targetProxy = D31441892177ADEC003A7A6B /* PBXContainerItemProxy */;
		};
		D31441952177ADED003A7A6B /* PBXTargetDependency */ = {
			isa = PBXTargetDependency;
			target = D31441732177ADEB003A7A6B /* CocoaSample */;
			targetProxy = D31441942177ADED003A7A6B /* PBXContainerItemProxy */;
		};
/* End PBXTargetDependency section */

/* Begin PBXVariantGroup section */
		D314417B2177ADEC003A7A6B /* Main.storyboard */ = {
			isa = PBXVariantGroup;
			children = (
				D314417C2177ADEC003A7A6B /* Base */,
			);
			name = Main.storyboard;
			sourceTree = "<group>";
		};
		D31441802177ADEC003A7A6B /* LaunchScreen.storyboard */ = {
			isa = PBXVariantGroup;
			children = (
				D31441812177ADEC003A7A6B /* Base */,
			);
			name = LaunchScreen.storyboard;
			sourceTree = "<group>";
		};
/* End PBXVariantGroup section */

/* Begin XCBuildConfiguration section */
		D314419A2177ADED003A7A6B /* Debug */ = {
			isa = XCBuildConfiguration;
			buildSettings = {
				ALWAYS_SEARCH_USER_PATHS = NO;
				CLANG_ANALYZER_NONNULL = YES;
				CLANG_ANALYZER_NUMBER_OBJECT_CONVERSION = YES_AGGRESSIVE;
				CLANG_CXX_LANGUAGE_STANDARD = "gnu++14";
				CLANG_CXX_LIBRARY = "libc++";
				CLANG_ENABLE_MODULES = YES;
				CLANG_ENABLE_OBJC_ARC = YES;
				CLANG_ENABLE_OBJC_WEAK = YES;
				CLANG_WARN_BLOCK_CAPTURE_AUTORELEASING = YES;
				CLANG_WARN_BOOL_CONVERSION = YES;
				CLANG_WARN_COMMA = YES;
				CLANG_WARN_CONSTANT_CONVERSION = YES;
				CLANG_WARN_DEPRECATED_OBJC_IMPLEMENTATIONS = YES;
				CLANG_WARN_DIRECT_OBJC_ISA_USAGE = YES_ERROR;
				CLANG_WARN_DOCUMENTATION_COMMENTS = YES;
				CLANG_WARN_EMPTY_BODY = YES;
				CLANG_WARN_ENUM_CONVERSION = YES;
				CLANG_WARN_INFINITE_RECURSION = YES;
				CLANG_WARN_INT_CONVERSION = YES;
				CLANG_WARN_NON_LITERAL_NULL_CONVERSION = YES;
				CLANG_WARN_OBJC_IMPLICIT_RETAIN_SELF = YES;
				CLANG_WARN_OBJC_LITERAL_CONVERSION = YES;
				CLANG_WARN_OBJC_ROOT_CLASS = YES_ERROR;
				CLANG_WARN_RANGE_LOOP_ANALYSIS = YES;
				CLANG_WARN_STRICT_PROTOTYPES = YES;
				CLANG_WARN_SUSPICIOUS_MOVE = YES;
				CLANG_WARN_UNGUARDED_AVAILABILITY = YES_AGGRESSIVE;
				CLANG_WARN_UNREACHABLE_CODE = YES;
				CLANG_WARN__DUPLICATE_METHOD_MATCH = YES;
				CODE_SIGN_IDENTITY = "iPhone Developer";
				COPY_PHASE_STRIP = NO;
				DEBUG_INFORMATION_FORMAT = dwarf;
				ENABLE_STRICT_OBJC_MSGSEND = YES;
				ENABLE_TESTABILITY = YES;
				GCC_C_LANGUAGE_STANDARD = gnu11;
				GCC_DYNAMIC_NO_PIC = NO;
				GCC_NO_COMMON_BLOCKS = YES;
				GCC_OPTIMIZATION_LEVEL = 0;
				GCC_PREPROCESSOR_DEFINITIONS = (
					"DEBUG=1",
					"$(inherited)",
				);
				GCC_WARN_64_TO_32_BIT_CONVERSION = YES;
				GCC_WARN_ABOUT_RETURN_TYPE = YES_ERROR;
				GCC_WARN_UNDECLARED_SELECTOR = YES;
				GCC_WARN_UNINITIALIZED_AUTOS = YES_AGGRESSIVE;
				GCC_WARN_UNUSED_FUNCTION = YES;
				GCC_WARN_UNUSED_VARIABLE = YES;
				IPHONEOS_DEPLOYMENT_TARGET = 12.1;
				MTL_ENABLE_DEBUG_INFO = INCLUDE_SOURCE;
				MTL_FAST_MATH = YES;
				ONLY_ACTIVE_ARCH = YES;
				SDKROOT = iphoneos;
				SWIFT_ACTIVE_COMPILATION_CONDITIONS = DEBUG;
				SWIFT_OPTIMIZATION_LEVEL = "-Onone";
			};
			name = Debug;
		};
		D314419B2177ADED003A7A6B /* Release */ = {
			isa = XCBuildConfiguration;
			buildSettings = {
				ALWAYS_SEARCH_USER_PATHS = NO;
				CLANG_ANALYZER_NONNULL = YES;
				CLANG_ANALYZER_NUMBER_OBJECT_CONVERSION = YES_AGGRESSIVE;
				CLANG_CXX_LANGUAGE_STANDARD = "gnu++14";
				CLANG_CXX_LIBRARY = "libc++";
				CLANG_ENABLE_MODULES = YES;
				CLANG_ENABLE_OBJC_ARC = YES;
				CLANG_ENABLE_OBJC_WEAK = YES;
				CLANG_WARN_BLOCK_CAPTURE_AUTORELEASING = YES;
				CLANG_WARN_BOOL_CONVERSION = YES;
				CLANG_WARN_COMMA = YES;
				CLANG_WARN_CONSTANT_CONVERSION = YES;
				CLANG_WARN_DEPRECATED_OBJC_IMPLEMENTATIONS = YES;
				CLANG_WARN_DIRECT_OBJC_ISA_USAGE = YES_ERROR;
				CLANG_WARN_DOCUMENTATION_COMMENTS = YES;
				CLANG_WARN_EMPTY_BODY = YES;
				CLANG_WARN_ENUM_CONVERSION = YES;
				CLANG_WARN_INFINITE_RECURSION = YES;
				CLANG_WARN_INT_CONVERSION = YES;
				CLANG_WARN_NON_LITERAL_NULL_CONVERSION = YES;
				CLANG_WARN_OBJC_IMPLICIT_RETAIN_SELF = YES;
				CLANG_WARN_OBJC_LITERAL_CONVERSION = YES;
				CLANG_WARN_OBJC_ROOT_CLASS = YES_ERROR;
				CLANG_WARN_RANGE_LOOP_ANALYSIS = YES;
				CLANG_WARN_STRICT_PROTOTYPES = YES;
				CLANG_WARN_SUSPICIOUS_MOVE = YES;
				CLANG_WARN_UNGUARDED_AVAILABILITY = YES_AGGRESSIVE;
				CLANG_WARN_UNREACHABLE_CODE = YES;
				CLANG_WARN__DUPLICATE_METHOD_MATCH = YES;
				CODE_SIGN_IDENTITY = "iPhone Developer";
				COPY_PHASE_STRIP = NO;
				DEBUG_INFORMATION_FORMAT = "dwarf-with-dsym";
				ENABLE_NS_ASSERTIONS = NO;
				ENABLE_STRICT_OBJC_MSGSEND = YES;
				GCC_C_LANGUAGE_STANDARD = gnu11;
				GCC_NO_COMMON_BLOCKS = YES;
				GCC_WARN_64_TO_32_BIT_CONVERSION = YES;
				GCC_WARN_ABOUT_RETURN_TYPE = YES_ERROR;
				GCC_WARN_UNDECLARED_SELECTOR = YES;
				GCC_WARN_UNINITIALIZED_AUTOS = YES_AGGRESSIVE;
				GCC_WARN_UNUSED_FUNCTION = YES;
				GCC_WARN_UNUSED_VARIABLE = YES;
				IPHONEOS_DEPLOYMENT_TARGET = 12.1;
				MTL_ENABLE_DEBUG_INFO = NO;
				MTL_FAST_MATH = YES;
				SDKROOT = iphoneos;
				SWIFT_COMPILATION_MODE = wholemodule;
				SWIFT_OPTIMIZATION_LEVEL = "-O";
				VALIDATE_PRODUCT = YES;
			};
			name = Release;
		};
		D314419D2177ADED003A7A6B /* Debug */ = {
			isa = XCBuildConfiguration;
			baseConfigurationReference = 15143CBED932FE6EB7527B79 /* Pods-CocoaSample.debug.xcconfig */;
			buildSettings = {
				ASSETCATALOG_COMPILER_APPICON_NAME = AppIcon;
				CODE_SIGN_STYLE = Automatic;
				INFOPLIST_FILE = CocoaSample/Info.plist;
				LD_RUNPATH_SEARCH_PATHS = (
					"$(inherited)",
					"@executable_path/Frameworks",
				);
				PRODUCT_BUNDLE_IDENTIFIER = Beast.CocoaSample;
				PRODUCT_NAME = "$(TARGET_NAME)";
				SWIFT_VERSION = 4.2;
				TARGETED_DEVICE_FAMILY = "1,2";
			};
			name = Debug;
		};
		D314419E2177ADED003A7A6B /* Release */ = {
			isa = XCBuildConfiguration;
			baseConfigurationReference = 6DC578AD7446C2F98DAE6844 /* Pods-CocoaSample.release.xcconfig */;
			buildSettings = {
				ASSETCATALOG_COMPILER_APPICON_NAME = AppIcon;
				CODE_SIGN_STYLE = Automatic;
				INFOPLIST_FILE = CocoaSample/Info.plist;
				LD_RUNPATH_SEARCH_PATHS = (
					"$(inherited)",
					"@executable_path/Frameworks",
				);
				PRODUCT_BUNDLE_IDENTIFIER = Beast.CocoaSample;
				PRODUCT_NAME = "$(TARGET_NAME)";
				SWIFT_VERSION = 4.2;
				TARGETED_DEVICE_FAMILY = "1,2";
			};
			name = Release;
		};
		D31441A02177ADED003A7A6B /* Debug */ = {
			isa = XCBuildConfiguration;
			buildSettings = {
				ALWAYS_EMBED_SWIFT_STANDARD_LIBRARIES = YES;
				BUNDLE_LOADER = "$(TEST_HOST)";
				CODE_SIGN_STYLE = Automatic;
				INFOPLIST_FILE = CocoaSampleTests/Info.plist;
				LD_RUNPATH_SEARCH_PATHS = (
					"$(inherited)",
					"@executable_path/Frameworks",
					"@loader_path/Frameworks",
				);
				PRODUCT_BUNDLE_IDENTIFIER = Beast.CocoaSampleTests;
				PRODUCT_NAME = "$(TARGET_NAME)";
				SWIFT_VERSION = 4.2;
				TARGETED_DEVICE_FAMILY = "1,2";
				TEST_HOST = "$(BUILT_PRODUCTS_DIR)/CocoaSample.app/CocoaSample";
			};
			name = Debug;
		};
		D31441A12177ADED003A7A6B /* Release */ = {
			isa = XCBuildConfiguration;
			buildSettings = {
				ALWAYS_EMBED_SWIFT_STANDARD_LIBRARIES = YES;
				BUNDLE_LOADER = "$(TEST_HOST)";
				CODE_SIGN_STYLE = Automatic;
				INFOPLIST_FILE = CocoaSampleTests/Info.plist;
				LD_RUNPATH_SEARCH_PATHS = (
					"$(inherited)",
					"@executable_path/Frameworks",
					"@loader_path/Frameworks",
				);
				PRODUCT_BUNDLE_IDENTIFIER = Beast.CocoaSampleTests;
				PRODUCT_NAME = "$(TARGET_NAME)";
				SWIFT_VERSION = 4.2;
				TARGETED_DEVICE_FAMILY = "1,2";
				TEST_HOST = "$(BUILT_PRODUCTS_DIR)/CocoaSample.app/CocoaSample";
			};
			name = Release;
		};
		D31441A32177ADED003A7A6B /* Debug */ = {
			isa = XCBuildConfiguration;
			buildSettings = {
				ALWAYS_EMBED_SWIFT_STANDARD_LIBRARIES = YES;
				CODE_SIGN_STYLE = Automatic;
				INFOPLIST_FILE = CocoaSampleUITests/Info.plist;
				LD_RUNPATH_SEARCH_PATHS = (
					"$(inherited)",
					"@executable_path/Frameworks",
					"@loader_path/Frameworks",
				);
				PRODUCT_BUNDLE_IDENTIFIER = Beast.CocoaSampleUITests;
				PRODUCT_NAME = "$(TARGET_NAME)";
				SWIFT_VERSION = 4.2;
				TARGETED_DEVICE_FAMILY = "1,2";
				TEST_TARGET_NAME = CocoaSample;
			};
			name = Debug;
		};
		D31441A42177ADED003A7A6B /* Release */ = {
			isa = XCBuildConfiguration;
			buildSettings = {
				ALWAYS_EMBED_SWIFT_STANDARD_LIBRARIES = YES;
				CODE_SIGN_STYLE = Automatic;
				INFOPLIST_FILE = CocoaSampleUITests/Info.plist;
				LD_RUNPATH_SEARCH_PATHS = (
					"$(inherited)",
					"@executable_path/Frameworks",
					"@loader_path/Frameworks",
				);
				PRODUCT_BUNDLE_IDENTIFIER = Beast.CocoaSampleUITests;
				PRODUCT_NAME = "$(TARGET_NAME)";
				SWIFT_VERSION = 4.2;
				TARGETED_DEVICE_FAMILY = "1,2";
				TEST_TARGET_NAME = CocoaSample;
			};
			name = Release;
		};
/* End XCBuildConfiguration section */

/* Begin XCConfigurationList section */
		D314416F2177ADEB003A7A6B /* Build configuration list for PBXProject "CocoaSample" */ = {
			isa = XCConfigurationList;
			buildConfigurations = (
				D314419A2177ADED003A7A6B /* Debug */,
				D314419B2177ADED003A7A6B /* Release */,
			);
			defaultConfigurationIsVisible = 0;
			defaultConfigurationName = Release;
		};
		D314419C2177ADED003A7A6B /* Build configuration list for PBXNativeTarget "CocoaSample" */ = {
			isa = XCConfigurationList;
			buildConfigurations = (
				D314419D2177ADED003A7A6B /* Debug */,
				D314419E2177ADED003A7A6B /* Release */,
			);
			defaultConfigurationIsVisible = 0;
			defaultConfigurationName = Release;
		};
		D314419F2177ADED003A7A6B /* Build configuration list for PBXNativeTarget "CocoaSampleTests" */ = {
			isa = XCConfigurationList;
			buildConfigurations = (
				D31441A02177ADED003A7A6B /* Debug */,
				D31441A12177ADED003A7A6B /* Release */,
			);
			defaultConfigurationIsVisible = 0;
			defaultConfigurationName = Release;
		};
		D31441A22177ADED003A7A6B /* Build configuration list for PBXNativeTarget "CocoaSampleUITests" */ = {
			isa = XCConfigurationList;
			buildConfigurations = (
				D31441A32177ADED003A7A6B /* Debug */,
				D31441A42177ADED003A7A6B /* Release */,
			);
			defaultConfigurationIsVisible = 0;
			defaultConfigurationName = Release;
		};
/* End XCConfigurationList section */
	};
	rootObject = D314416C2177ADEB003A7A6B /* Project object */;
}
